{
  "name": "embassy-pages-wrapper",
  "lockfileVersion": 2,
  "requires": true,
  "packages": {
    "": {
      "dependencies": {
        "@start9labs/start-sdk": "0.4.0-rev0.lib0.rc4"
      },
      "devDependencies": {
        "@types/node": "^20.0.0",
        "@types/uuid": "^9.0.1",
        "@vercel/ncc": "^0.36.1",
        "filebrowser": "git+https://github.com/Start9Labs/filebrowser-wrapper.git#02a2620ed993ce24814fb5e5c59b017b1c523c08",
        "prettier": "^2.8.4",
        "typescript": "^4.9.5"
      }
    },
    "node_modules/@iarna/toml": {
      "version": "2.2.5",
      "resolved": "https://registry.npmjs.org/@iarna/toml/-/toml-2.2.5.tgz",
      "integrity": "sha512-trnsAYxU3xnS1gPHPyU961coFyLkh4gAD/0zQ5mymY4yOZ+CYvsPqUbOFSw0aDM4y0tV7tiFxL/1XfXPNC6IPg=="
    },
    "node_modules/@start9labs/start-sdk": {
      "version": "0.4.0-rev0.lib0.rc4",
      "resolved": "https://registry.npmjs.org/@start9labs/start-sdk/-/start-sdk-0.4.0-rev0.lib0.rc4.tgz",
      "integrity": "sha512-ouOpplLYCFFj5PutVtN5S0TI1UsdXA5nauOrFqKvLyhxazGjHprCpQ/fVHNSspPl/+ujNb7upzFxdZnWOE2oXw==",
      "dependencies": {
        "@iarna/toml": "^2.2.5",
        "ts-matches": "^5.4.1",
        "yaml": "^2.2.2"
      }
    },
    "node_modules/@types/node": {
      "version": "20.0.0",
      "resolved": "https://registry.npmjs.org/@types/node/-/node-20.0.0.tgz",
      "integrity": "sha512-cD2uPTDnQQCVpmRefonO98/PPijuOnnEy5oytWJFPY1N9aJCz2wJ5kSGWO+zJoed2cY2JxQh6yBuUq4vIn61hw==",
      "dev": true
    },
    "node_modules/@types/uuid": {
      "version": "9.0.1",
      "resolved": "https://registry.npmjs.org/@types/uuid/-/uuid-9.0.1.tgz",
      "integrity": "sha512-rFT3ak0/2trgvp4yYZo5iKFEPsET7vKydKF+VRCxlQ9bpheehyAJH89dAkaLEq/j/RZXJIqcgsmPJKUP1Z28HA==",
      "dev": true
    },
    "node_modules/@vercel/ncc": {
      "version": "0.36.1",
      "resolved": "https://registry.npmjs.org/@vercel/ncc/-/ncc-0.36.1.tgz",
      "integrity": "sha512-S4cL7Taa9yb5qbv+6wLgiKVZ03Qfkc4jGRuiUQMQ8HGBD5pcNRnHeYM33zBvJE4/zJGjJJ8GScB+WmTsn9mORw==",
      "dev": true,
      "bin": {
        "ncc": "dist/ncc/cli.js"
      }
    },
    "node_modules/filebrowser": {
      "resolved": "git+ssh://git@github.com/Start9Labs/filebrowser-wrapper.git#02a2620ed993ce24814fb5e5c59b017b1c523c08",
      "integrity": "sha512-J88fOOdKvMoDJy589KpWiXDH2FdhevnFGxQKtIcQSO2Y17cHoHMlTMDVarf85FKMEw0A4Xf2D1f9TuDVCGLoxg==",
      "dev": true,
      "dependencies": {
        "@start9labs/start-sdk": "0.4.0-rev0.lib0.rc4"
      }
    },
    "node_modules/prettier": {
      "version": "2.8.7",
      "resolved": "https://registry.npmjs.org/prettier/-/prettier-2.8.7.tgz",
      "integrity": "sha512-yPngTo3aXUUmyuTjeTUT75txrf+aMh9FiD7q9ZE/i6r0bPb22g4FsE6Y338PQX1bmfy08i9QQCB7/rcUAVntfw==",
      "dev": true,
      "bin": {
        "prettier": "bin-prettier.js"
      },
      "engines": {
        "node": ">=10.13.0"
      },
      "funding": {
        "url": "https://github.com/prettier/prettier?sponsor=1"
      }
    },
    "node_modules/ts-matches": {
      "version": "5.4.1",
      "resolved": "https://registry.npmjs.org/ts-matches/-/ts-matches-5.4.1.tgz",
      "integrity": "sha512-kXrY75F0s0WD15N2bWKDScKlKgwnusN6dTRzGs1N7LlxQRnazrsBISC1HL4sy2adsyk65Zbx3Ui3IGN8leAFOQ=="
    },
    "node_modules/typescript": {
      "version": "4.9.5",
      "resolved": "https://registry.npmjs.org/typescript/-/typescript-4.9.5.tgz",
      "integrity": "sha512-1FXk9E2Hm+QzZQ7z+McJiHL4NW1F2EzMu9Nq9i3zAaGqibafqYwCVU6WyWAuyQRRzOlxou8xZSyXLEN8oKj24g==",
      "dev": true,
      "bin": {
        "tsc": "bin/tsc",
        "tsserver": "bin/tsserver"
      },
      "engines": {
        "node": ">=4.2.0"
      }
    },
    "node_modules/yaml": {
      "version": "2.2.2",
      "resolved": "https://registry.npmjs.org/yaml/-/yaml-2.2.2.tgz",
      "integrity": "sha512-CBKFWExMn46Foo4cldiChEzn7S7SRV+wqiluAb6xmueD/fGyRHIhX8m14vVGgeFWjN540nKCNVj6P21eQjgTuA==",
      "engines": {
        "node": ">= 14"
      }
    }
  },
  "dependencies": {
    "@iarna/toml": {
      "version": "2.2.5",
      "resolved": "https://registry.npmjs.org/@iarna/toml/-/toml-2.2.5.tgz",
      "integrity": "sha512-trnsAYxU3xnS1gPHPyU961coFyLkh4gAD/0zQ5mymY4yOZ+CYvsPqUbOFSw0aDM4y0tV7tiFxL/1XfXPNC6IPg=="
    },
    "@start9labs/start-sdk": {
      "version": "0.4.0-rev0.lib0.rc4",
      "resolved": "https://registry.npmjs.org/@start9labs/start-sdk/-/start-sdk-0.4.0-rev0.lib0.rc4.tgz",
      "integrity": "sha512-ouOpplLYCFFj5PutVtN5S0TI1UsdXA5nauOrFqKvLyhxazGjHprCpQ/fVHNSspPl/+ujNb7upzFxdZnWOE2oXw==",
      "requires": {
        "@iarna/toml": "^2.2.5",
        "ts-matches": "^5.4.1",
        "yaml": "^2.2.2"
      }
    },
    "@types/node": {
      "version": "20.0.0",
      "resolved": "https://registry.npmjs.org/@types/node/-/node-20.0.0.tgz",
      "integrity": "sha512-cD2uPTDnQQCVpmRefonO98/PPijuOnnEy5oytWJFPY1N9aJCz2wJ5kSGWO+zJoed2cY2JxQh6yBuUq4vIn61hw==",
      "dev": true
    },
    "@types/uuid": {
      "version": "9.0.1",
      "resolved": "https://registry.npmjs.org/@types/uuid/-/uuid-9.0.1.tgz",
      "integrity": "sha512-rFT3ak0/2trgvp4yYZo5iKFEPsET7vKydKF+VRCxlQ9bpheehyAJH89dAkaLEq/j/RZXJIqcgsmPJKUP1Z28HA==",
      "dev": true
    },
    "@vercel/ncc": {
      "version": "0.36.1",
      "resolved": "https://registry.npmjs.org/@vercel/ncc/-/ncc-0.36.1.tgz",
      "integrity": "sha512-S4cL7Taa9yb5qbv+6wLgiKVZ03Qfkc4jGRuiUQMQ8HGBD5pcNRnHeYM33zBvJE4/zJGjJJ8GScB+WmTsn9mORw==",
      "dev": true
    },
    "filebrowser": {
      "version": "git+ssh://git@github.com/Start9Labs/filebrowser-wrapper.git#02a2620ed993ce24814fb5e5c59b017b1c523c08",
      "integrity": "sha512-J88fOOdKvMoDJy589KpWiXDH2FdhevnFGxQKtIcQSO2Y17cHoHMlTMDVarf85FKMEw0A4Xf2D1f9TuDVCGLoxg==",
      "dev": true,
      "from": "filebrowser@git+https://github.com/Start9Labs/filebrowser-wrapper.git#02a2620ed993ce24814fb5e5c59b017b1c523c08",
      "requires": {
        "@start9labs/start-sdk": "0.4.0-rev0.lib0.rc4"
      }
    },
    "prettier": {
      "version": "2.8.7",
      "resolved": "https://registry.npmjs.org/prettier/-/prettier-2.8.7.tgz",
      "integrity": "sha512-yPngTo3aXUUmyuTjeTUT75txrf+aMh9FiD7q9ZE/i6r0bPb22g4FsE6Y338PQX1bmfy08i9QQCB7/rcUAVntfw==",
      "dev": true
    },
    "ts-matches": {
      "version": "5.4.1",
      "resolved": "https://registry.npmjs.org/ts-matches/-/ts-matches-5.4.1.tgz",
      "integrity": "sha512-kXrY75F0s0WD15N2bWKDScKlKgwnusN6dTRzGs1N7LlxQRnazrsBISC1HL4sy2adsyk65Zbx3Ui3IGN8leAFOQ=="
    },
    "typescript": {
      "version": "4.9.5",
      "resolved": "https://registry.npmjs.org/typescript/-/typescript-4.9.5.tgz",
      "integrity": "sha512-1FXk9E2Hm+QzZQ7z+McJiHL4NW1F2EzMu9Nq9i3zAaGqibafqYwCVU6WyWAuyQRRzOlxou8xZSyXLEN8oKj24g==",
      "dev": true
    },
    "yaml": {
      "version": "2.2.2",
      "resolved": "https://registry.npmjs.org/yaml/-/yaml-2.2.2.tgz",
      "integrity": "sha512-CBKFWExMn46Foo4cldiChEzn7S7SRV+wqiluAb6xmueD/fGyRHIhX8m14vVGgeFWjN540nKCNVj6P21eQjgTuA=="
    }
  }
}
